// !$*UTF8*$!
{
	archiveVersion = 1;
	classes = {
	};
	objectVersion = 46;
	objects = {

/* Begin PBXBuildFile section */
		EFFC77BB1D943A6D006FD550 /* clock_gettime.c in Sources */ = {isa = PBXBuildFile; fileRef = EFFC77631D943A6D006FD550 /* clock_gettime.c */; };
		EFFC77BC1D943A6D006FD550 /* compat.c in Sources */ = {isa = PBXBuildFile; fileRef = EFFC77641D943A6D006FD550 /* compat.c */; };
		EFFC77BE1D943A6D006FD550 /* strndup.c in Sources */ = {isa = PBXBuildFile; fileRef = EFFC77681D943A6D006FD550 /* strndup.c */; };
		EFFC77BF1D943A6D006FD550 /* md4.c in Sources */ = {isa = PBXBuildFile; fileRef = EFFC776B1D943A6D006FD550 /* md4.c */; };
		EFFC77C01D943A6D006FD550 /* md5.c in Sources */ = {isa = PBXBuildFile; fileRef = EFFC776D1D943A6D006FD550 /* md5.c */; };
		EFFC77C11D943A6D006FD550 /* rc4.c in Sources */ = {isa = PBXBuildFile; fileRef = EFFC77701D943A6D006FD550 /* rc4.c */; };
		EFFC77C21D943A6D006FD550 /* spnego_asn1.c in Sources */ = {isa = PBXBuildFile; fileRef = EFFC77741D943A6D006FD550 /* spnego_asn1.c */; };
		EFFC77C31D943A6D006FD550 /* hmac_md5.c in Sources */ = {isa = PBXBuildFile; fileRef = EFFC77921D943A6D006FD550 /* hmac_md5.c */; };
		EFFC77C41D943A6D006FD550 /* netbios_ns.c in Sources */ = {isa = PBXBuildFile; fileRef = EFFC77961D943A6D006FD550 /* netbios_ns.c */; };
		EFFC77C51D943A6D006FD550 /* netbios_query.c in Sources */ = {isa = PBXBuildFile; fileRef = EFFC77971D943A6D006FD550 /* netbios_query.c */; };
		EFFC77C61D943A6D006FD550 /* netbios_session.c in Sources */ = {isa = PBXBuildFile; fileRef = EFFC77991D943A6D006FD550 /* netbios_session.c */; };
		EFFC77C71D943A6D006FD550 /* netbios_utils.c in Sources */ = {isa = PBXBuildFile; fileRef = EFFC779B1D943A6D006FD550 /* netbios_utils.c */; };
		EFFC77C81D943A6D006FD550 /* smb_buffer.c in Sources */ = {isa = PBXBuildFile; fileRef = EFFC779D1D943A6D006FD550 /* smb_buffer.c */; };
		EFFC77C91D943A6D006FD550 /* smb_dir.c in Sources */ = {isa = PBXBuildFile; fileRef = EFFC77A01D943A6D006FD550 /* smb_dir.c */; };
		EFFC77CA1D943A6D006FD550 /* smb_fd.c in Sources */ = {isa = PBXBuildFile; fileRef = EFFC77A21D943A6D006FD550 /* smb_fd.c */; };
		EFFC77CB1D943A6D006FD550 /* smb_file.c in Sources */ = {isa = PBXBuildFile; fileRef = EFFC77A41D943A6D006FD550 /* smb_file.c */; };
		EFFC77CC1D943A6D006FD550 /* smb_message.c in Sources */ = {isa = PBXBuildFile; fileRef = EFFC77A61D943A6D006FD550 /* smb_message.c */; };
		EFFC77CD1D943A6D006FD550 /* smb_ntlm.c in Sources */ = {isa = PBXBuildFile; fileRef = EFFC77A81D943A6D006FD550 /* smb_ntlm.c */; };
		EFFC77CE1D943A6D006FD550 /* smb_session.c in Sources */ = {isa = PBXBuildFile; fileRef = EFFC77AB1D943A6D006FD550 /* smb_session.c */; };
		EFFC77CF1D943A6D006FD550 /* smb_session_msg.c in Sources */ = {isa = PBXBuildFile; fileRef = EFFC77AD1D943A6D006FD550 /* smb_session_msg.c */; };
		EFFC77D01D943A6D006FD550 /* smb_share.c in Sources */ = {isa = PBXBuildFile; fileRef = EFFC77AF1D943A6D006FD550 /* smb_share.c */; };
		EFFC77D11D943A6D006FD550 /* smb_spnego.c in Sources */ = {isa = PBXBuildFile; fileRef = EFFC77B11D943A6D006FD550 /* smb_spnego.c */; };
		EFFC77D21D943A6D006FD550 /* smb_stat.c in Sources */ = {isa = PBXBuildFile; fileRef = EFFC77B31D943A6D006FD550 /* smb_stat.c */; };
		EFFC77D31D943A6D006FD550 /* smb_trans2.c in Sources */ = {isa = PBXBuildFile; fileRef = EFFC77B51D943A6D006FD550 /* smb_trans2.c */; };
		EFFC77D41D943A6D006FD550 /* smb_transport.c in Sources */ = {isa = PBXBuildFile; fileRef = EFFC77B61D943A6D006FD550 /* smb_transport.c */; };
		EFFC77D51D943A6D006FD550 /* smb_utils.c in Sources */ = {isa = PBXBuildFile; fileRef = EFFC77B91D943A6D006FD550 /* smb_utils.c */; };
		EFFC77DB1D943AD9006FD550 /* spnego_asn1.c in Sources */ = {isa = PBXBuildFile; fileRef = EFFC77D71D943AD9006FD550 /* spnego_asn1.c */; };
		EFFC77DC1D943AD9006FD550 /* libtasn1.a in Frameworks */ = {isa = PBXBuildFile; fileRef = EFFC77D91D943AD9006FD550 /* libtasn1.a */; };
/* End PBXBuildFile section */

/* Begin PBXCopyFilesBuildPhase section */
		EF6319D91C7474D10032F5CC /* CopyFiles */ = {
			isa = PBXCopyFilesBuildPhase;
			buildActionMask = 2147483647;
			dstPath = "include/$(PRODUCT_NAME)";
			dstSubfolderSpec = 16;
			files = (
			);
			runOnlyForDeploymentPostprocessing = 0;
		};
/* End PBXCopyFilesBuildPhase section */

/* Begin PBXFileReference section */
		EF6319DB1C7474D10032F5CC /* libdsm.a */ = {isa = PBXFileReference; explicitFileType = archive.ar; includeInIndex = 0; path = libdsm.a; sourceTree = BUILT_PRODUCTS_DIR; };
		EFFC77611D943986006FD550 /* config.h */ = {isa = PBXFileReference; fileEncoding = 4; lastKnownFileType = sourcecode.c.h; path = config.h; sourceTree = "<group>"; };
		EFFC77631D943A6D006FD550 /* clock_gettime.c */ = {isa = PBXFileReference; fileEncoding = 4; lastKnownFileType = sourcecode.c.c; path = clock_gettime.c; sourceTree = "<group>"; };
		EFFC77641D943A6D006FD550 /* compat.c */ = {isa = PBXFileReference; fileEncoding = 4; lastKnownFileType = sourcecode.c.c; path = compat.c; sourceTree = "<group>"; };
		EFFC77651D943A6D006FD550 /* compat.h */ = {isa = PBXFileReference; fileEncoding = 4; lastKnownFileType = sourcecode.c.h; path = compat.h; sourceTree = "<group>"; };
		EFFC77661D943A6D006FD550 /* queue.h */ = {isa = PBXFileReference; fileEncoding = 4; lastKnownFileType = sourcecode.c.h; path = queue.h; sourceTree = "<group>"; };
		EFFC77681D943A6D006FD550 /* strndup.c */ = {isa = PBXFileReference; fileEncoding = 4; lastKnownFileType = sourcecode.c.c; path = strndup.c; sourceTree = "<group>"; };
		EFFC776B1D943A6D006FD550 /* md4.c */ = {isa = PBXFileReference; fileEncoding = 4; lastKnownFileType = sourcecode.c.c; path = md4.c; sourceTree = "<group>"; };
		EFFC776C1D943A6D006FD550 /* md4.h */ = {isa = PBXFileReference; fileEncoding = 4; lastKnownFileType = sourcecode.c.h; path = md4.h; sourceTree = "<group>"; };
		EFFC776D1D943A6D006FD550 /* md5.c */ = {isa = PBXFileReference; fileEncoding = 4; lastKnownFileType = sourcecode.c.c; path = md5.c; sourceTree = "<group>"; };
		EFFC776E1D943A6D006FD550 /* md5.h */ = {isa = PBXFileReference; fileEncoding = 4; lastKnownFileType = sourcecode.c.h; path = md5.h; sourceTree = "<group>"; };
		EFFC77701D943A6D006FD550 /* rc4.c */ = {isa = PBXFileReference; fileEncoding = 4; lastKnownFileType = sourcecode.c.c; path = rc4.c; sourceTree = "<group>"; };
		EFFC77711D943A6D006FD550 /* rc4.h */ = {isa = PBXFileReference; fileEncoding = 4; lastKnownFileType = sourcecode.c.h; path = rc4.h; sourceTree = "<group>"; };
		EFFC77741D943A6D006FD550 /* spnego_asn1.c */ = {isa = PBXFileReference; fileEncoding = 4; lastKnownFileType = sourcecode.c.c; path = spnego_asn1.c; sourceTree = "<group>"; };
		EFFC77751D943A6D006FD550 /* spnego_asn1.h */ = {isa = PBXFileReference; fileEncoding = 4; lastKnownFileType = sourcecode.c.h; path = spnego_asn1.h; sourceTree = "<group>"; };
		EFFC77781D943A6D006FD550 /* netbios_defs.h */ = {isa = PBXFileReference; fileEncoding = 4; lastKnownFileType = sourcecode.c.h; path = netbios_defs.h; sourceTree = "<group>"; };
		EFFC77791D943A6D006FD550 /* netbios_ns.h */ = {isa = PBXFileReference; fileEncoding = 4; lastKnownFileType = sourcecode.c.h; path = netbios_ns.h; sourceTree = "<group>"; };
		EFFC777A1D943A6D006FD550 /* smb_defs.h */ = {isa = PBXFileReference; fileEncoding = 4; lastKnownFileType = sourcecode.c.h; path = smb_defs.h; sourceTree = "<group>"; };
		EFFC777B1D943A6D006FD550 /* smb_dir.h */ = {isa = PBXFileReference; fileEncoding = 4; lastKnownFileType = sourcecode.c.h; path = smb_dir.h; sourceTree = "<group>"; };
		EFFC777C1D943A6D006FD550 /* smb_file.h */ = {isa = PBXFileReference; fileEncoding = 4; lastKnownFileType = sourcecode.c.h; path = smb_file.h; sourceTree = "<group>"; };
		EFFC777D1D943A6D006FD550 /* smb_session.h */ = {isa = PBXFileReference; fileEncoding = 4; lastKnownFileType = sourcecode.c.h; path = smb_session.h; sourceTree = "<group>"; };
		EFFC777E1D943A6D006FD550 /* smb_share.h */ = {isa = PBXFileReference; fileEncoding = 4; lastKnownFileType = sourcecode.c.h; path = smb_share.h; sourceTree = "<group>"; };
		EFFC777F1D943A6D006FD550 /* smb_stat.h */ = {isa = PBXFileReference; fileEncoding = 4; lastKnownFileType = sourcecode.c.h; path = smb_stat.h; sourceTree = "<group>"; };
		EFFC77801D943A6D006FD550 /* smb_types.h */ = {isa = PBXFileReference; fileEncoding = 4; lastKnownFileType = sourcecode.c.h; path = smb_types.h; sourceTree = "<group>"; };
		EFFC77811D943A6D006FD550 /* bdsm.h */ = {isa = PBXFileReference; fileEncoding = 4; lastKnownFileType = sourcecode.c.h; path = bdsm.h; sourceTree = "<group>"; };
		EFFC77901D943A6D006FD550 /* bdsm_common.h */ = {isa = PBXFileReference; fileEncoding = 4; lastKnownFileType = sourcecode.c.h; path = bdsm_common.h; sourceTree = "<group>"; };
		EFFC77911D943A6D006FD550 /* bdsm_debug.h */ = {isa = PBXFileReference; fileEncoding = 4; lastKnownFileType = sourcecode.c.h; path = bdsm_debug.h; sourceTree = "<group>"; };
		EFFC77921D943A6D006FD550 /* hmac_md5.c */ = {isa = PBXFileReference; fileEncoding = 4; lastKnownFileType = sourcecode.c.c; path = hmac_md5.c; sourceTree = "<group>"; };
		EFFC77931D943A6D006FD550 /* hmac_md5.h */ = {isa = PBXFileReference; fileEncoding = 4; lastKnownFileType = sourcecode.c.h; path = hmac_md5.h; sourceTree = "<group>"; };
		EFFC77951D943A6D006FD550 /* netbios_defs.h */ = {isa = PBXFileReference; fileEncoding = 4; lastKnownFileType = sourcecode.c.h; path = netbios_defs.h; sourceTree = "<group>"; };
		EFFC77961D943A6D006FD550 /* netbios_ns.c */ = {isa = PBXFileReference; fileEncoding = 4; lastKnownFileType = sourcecode.c.c; path = netbios_ns.c; sourceTree = "<group>"; };
		EFFC77971D943A6D006FD550 /* netbios_query.c */ = {isa = PBXFileReference; fileEncoding = 4; lastKnownFileType = sourcecode.c.c; path = netbios_query.c; sourceTree = "<group>"; };
		EFFC77981D943A6D006FD550 /* netbios_query.h */ = {isa = PBXFileReference; fileEncoding = 4; lastKnownFileType = sourcecode.c.h; path = netbios_query.h; sourceTree = "<group>"; };
		EFFC77991D943A6D006FD550 /* netbios_session.c */ = {isa = PBXFileReference; fileEncoding = 4; lastKnownFileType = sourcecode.c.c; path = netbios_session.c; sourceTree = "<group>"; };
		EFFC779A1D943A6D006FD550 /* netbios_session.h */ = {isa = PBXFileReference; fileEncoding = 4; lastKnownFileType = sourcecode.c.h; path = netbios_session.h; sourceTree = "<group>"; };
		EFFC779B1D943A6D006FD550 /* netbios_utils.c */ = {isa = PBXFileReference; fileEncoding = 4; lastKnownFileType = sourcecode.c.c; path = netbios_utils.c; sourceTree = "<group>"; };
		EFFC779C1D943A6D006FD550 /* netbios_utils.h */ = {isa = PBXFileReference; fileEncoding = 4; lastKnownFileType = sourcecode.c.h; path = netbios_utils.h; sourceTree = "<group>"; };
		EFFC779D1D943A6D006FD550 /* smb_buffer.c */ = {isa = PBXFileReference; fileEncoding = 4; lastKnownFileType = sourcecode.c.c; path = smb_buffer.c; sourceTree = "<group>"; };
		EFFC779E1D943A6D006FD550 /* smb_buffer.h */ = {isa = PBXFileReference; fileEncoding = 4; lastKnownFileType = sourcecode.c.h; path = smb_buffer.h; sourceTree = "<group>"; };
		EFFC779F1D943A6D006FD550 /* smb_defs.h */ = {isa = PBXFileReference; fileEncoding = 4; lastKnownFileType = sourcecode.c.h; path = smb_defs.h; sourceTree = "<group>"; };
		EFFC77A01D943A6D006FD550 /* smb_dir.c */ = {isa = PBXFileReference; fileEncoding = 4; lastKnownFileType = sourcecode.c.c; path = smb_dir.c; sourceTree = "<group>"; };
		EFFC77A11D943A6D006FD550 /* smb_dir.h */ = {isa = PBXFileReference; fileEncoding = 4; lastKnownFileType = sourcecode.c.h; path = smb_dir.h; sourceTree = "<group>"; };
		EFFC77A21D943A6D006FD550 /* smb_fd.c */ = {isa = PBXFileReference; fileEncoding = 4; lastKnownFileType = sourcecode.c.c; path = smb_fd.c; sourceTree = "<group>"; };
		EFFC77A31D943A6D006FD550 /* smb_fd.h */ = {isa = PBXFileReference; fileEncoding = 4; lastKnownFileType = sourcecode.c.h; path = smb_fd.h; sourceTree = "<group>"; };
		EFFC77A41D943A6D006FD550 /* smb_file.c */ = {isa = PBXFileReference; fileEncoding = 4; lastKnownFileType = sourcecode.c.c; path = smb_file.c; sourceTree = "<group>"; };
		EFFC77A51D943A6D006FD550 /* smb_file.h */ = {isa = PBXFileReference; fileEncoding = 4; lastKnownFileType = sourcecode.c.h; path = smb_file.h; sourceTree = "<group>"; };
		EFFC77A61D943A6D006FD550 /* smb_message.c */ = {isa = PBXFileReference; fileEncoding = 4; lastKnownFileType = sourcecode.c.c; path = smb_message.c; sourceTree = "<group>"; };
		EFFC77A71D943A6D006FD550 /* smb_message.h */ = {isa = PBXFileReference; fileEncoding = 4; lastKnownFileType = sourcecode.c.h; path = smb_message.h; sourceTree = "<group>"; };
		EFFC77A81D943A6D006FD550 /* smb_ntlm.c */ = {isa = PBXFileReference; fileEncoding = 4; lastKnownFileType = sourcecode.c.c; path = smb_ntlm.c; sourceTree = "<group>"; };
		EFFC77A91D943A6D006FD550 /* smb_ntlm.h */ = {isa = PBXFileReference; fileEncoding = 4; lastKnownFileType = sourcecode.c.h; path = smb_ntlm.h; sourceTree = "<group>"; };
		EFFC77AA1D943A6D006FD550 /* smb_packets.h */ = {isa = PBXFileReference; fileEncoding = 4; lastKnownFileType = sourcecode.c.h; path = smb_packets.h; sourceTree = "<group>"; };
		EFFC77AB1D943A6D006FD550 /* smb_session.c */ = {isa = PBXFileReference; fileEncoding = 4; lastKnownFileType = sourcecode.c.c; path = smb_session.c; sourceTree = "<group>"; };
		EFFC77AC1D943A6D006FD550 /* smb_session.h */ = {isa = PBXFileReference; fileEncoding = 4; lastKnownFileType = sourcecode.c.h; path = smb_session.h; sourceTree = "<group>"; };
		EFFC77AD1D943A6D006FD550 /* smb_session_msg.c */ = {isa = PBXFileReference; fileEncoding = 4; lastKnownFileType = sourcecode.c.c; path = smb_session_msg.c; sourceTree = "<group>"; };
		EFFC77AE1D943A6D006FD550 /* smb_session_msg.h */ = {isa = PBXFileReference; fileEncoding = 4; lastKnownFileType = sourcecode.c.h; path = smb_session_msg.h; sourceTree = "<group>"; };
		EFFC77AF1D943A6D006FD550 /* smb_share.c */ = {isa = PBXFileReference; fileEncoding = 4; lastKnownFileType = sourcecode.c.c; path = smb_share.c; sourceTree = "<group>"; };
		EFFC77B01D943A6D006FD550 /* smb_share.h */ = {isa = PBXFileReference; fileEncoding = 4; lastKnownFileType = sourcecode.c.h; path = smb_share.h; sourceTree = "<group>"; };
		EFFC77B11D943A6D006FD550 /* smb_spnego.c */ = {isa = PBXFileReference; fileEncoding = 4; lastKnownFileType = sourcecode.c.c; path = smb_spnego.c; sourceTree = "<group>"; };
		EFFC77B21D943A6D006FD550 /* smb_spnego.h */ = {isa = PBXFileReference; fileEncoding = 4; lastKnownFileType = sourcecode.c.h; path = smb_spnego.h; sourceTree = "<group>"; };
		EFFC77B31D943A6D006FD550 /* smb_stat.c */ = {isa = PBXFileReference; fileEncoding = 4; lastKnownFileType = sourcecode.c.c; path = smb_stat.c; sourceTree = "<group>"; };
		EFFC77B41D943A6D006FD550 /* smb_stat.h */ = {isa = PBXFileReference; fileEncoding = 4; lastKnownFileType = sourcecode.c.h; path = smb_stat.h; sourceTree = "<group>"; };
		EFFC77B51D943A6D006FD550 /* smb_trans2.c */ = {isa = PBXFileReference; fileEncoding = 4; lastKnownFileType = sourcecode.c.c; path = smb_trans2.c; sourceTree = "<group>"; };
		EFFC77B61D943A6D006FD550 /* smb_transport.c */ = {isa = PBXFileReference; fileEncoding = 4; lastKnownFileType = sourcecode.c.c; path = smb_transport.c; sourceTree = "<group>"; };
		EFFC77B71D943A6D006FD550 /* smb_transport.h */ = {isa = PBXFileReference; fileEncoding = 4; lastKnownFileType = sourcecode.c.h; path = smb_transport.h; sourceTree = "<group>"; };
		EFFC77B81D943A6D006FD550 /* smb_types.h */ = {isa = PBXFileReference; fileEncoding = 4; lastKnownFileType = sourcecode.c.h; path = smb_types.h; sourceTree = "<group>"; };
		EFFC77B91D943A6D006FD550 /* smb_utils.c */ = {isa = PBXFileReference; fileEncoding = 4; lastKnownFileType = sourcecode.c.c; path = smb_utils.c; sourceTree = "<group>"; };
		EFFC77BA1D943A6D006FD550 /* smb_utils.h */ = {isa = PBXFileReference; fileEncoding = 4; lastKnownFileType = sourcecode.c.h; path = smb_utils.h; sourceTree = "<group>"; };
		EFFC77D71D943AD9006FD550 /* spnego_asn1.c */ = {isa = PBXFileReference; fileEncoding = 4; lastKnownFileType = sourcecode.c.c; path = spnego_asn1.c; sourceTree = "<group>"; };
		EFFC77D91D943AD9006FD550 /* libtasn1.a */ = {isa = PBXFileReference; lastKnownFileType = archive.ar; path = libtasn1.a; sourceTree = "<group>"; };
		EFFC77DA1D943AD9006FD550 /* libtasn1.h */ = {isa = PBXFileReference; fileEncoding = 4; lastKnownFileType = sourcecode.c.h; path = libtasn1.h; sourceTree = "<group>"; };
		EFFC77DE1D943F73006FD550 /* spnego_asn1_mutex.h */ = {isa = PBXFileReference; fileEncoding = 4; lastKnownFileType = sourcecode.c.h; path = spnego_asn1_mutex.h; sourceTree = "<group>"; };
/* End PBXFileReference section */

/* Begin PBXFrameworksBuildPhase section */
		EF6319D81C7474D10032F5CC /* Frameworks */ = {
			isa = PBXFrameworksBuildPhase;
			buildActionMask = 2147483647;
			files = (
				EFFC77DC1D943AD9006FD550 /* libtasn1.a in Frameworks */,
			);
			runOnlyForDeploymentPostprocessing = 0;
		};
/* End PBXFrameworksBuildPhase section */

/* Begin PBXGroup section */
		EF6319D21C7474D10032F5CC = {
			isa = PBXGroup;
			children = (
				EFFC77D81D943AD9006FD550 /* libtasn1 */,
				EFFC77D61D943AD9006FD550 /* extra */,
				EFFC77621D943A6D006FD550 /* compat */,
				EFFC77691D943A6D006FD550 /* contrib */,
				EFFC77761D943A6D006FD550 /* include */,
				EFFC778F1D943A6D006FD550 /* src */,
				EFFC77611D943986006FD550 /* config.h */,
				EF6319DC1C7474D10032F5CC /* Products */,
			);
			sourceTree = "<group>";
		};
		EF6319DC1C7474D10032F5CC /* Products */ = {
			isa = PBXGroup;
			children = (
				EF6319DB1C7474D10032F5CC /* libdsm.a */,
			);
			name = Products;
			sourceTree = "<group>";
		};
		EFFC77621D943A6D006FD550 /* compat */ = {
			isa = PBXGroup;
			children = (
				EFFC77631D943A6D006FD550 /* clock_gettime.c */,
				EFFC77641D943A6D006FD550 /* compat.c */,
				EFFC77651D943A6D006FD550 /* compat.h */,
				EFFC77661D943A6D006FD550 /* queue.h */,
				EFFC77681D943A6D006FD550 /* strndup.c */,
			);
			name = compat;
			path = ../compat;
			sourceTree = "<group>";
		};
		EFFC77691D943A6D006FD550 /* contrib */ = {
			isa = PBXGroup;
			children = (
				EFFC776A1D943A6D006FD550 /* mdx */,
				EFFC776F1D943A6D006FD550 /* rc4 */,
				EFFC77721D943A6D006FD550 /* spnego */,
			);
			name = contrib;
			path = ../contrib;
			sourceTree = "<group>";
		};
		EFFC776A1D943A6D006FD550 /* mdx */ = {
			isa = PBXGroup;
			children = (
				EFFC776B1D943A6D006FD550 /* md4.c */,
				EFFC776C1D943A6D006FD550 /* md4.h */,
				EFFC776D1D943A6D006FD550 /* md5.c */,
				EFFC776E1D943A6D006FD550 /* md5.h */,
			);
			path = mdx;
			sourceTree = "<group>";
		};
		EFFC776F1D943A6D006FD550 /* rc4 */ = {
			isa = PBXGroup;
			children = (
				EFFC77701D943A6D006FD550 /* rc4.c */,
				EFFC77711D943A6D006FD550 /* rc4.h */,
			);
			path = rc4;
			sourceTree = "<group>";
		};
		EFFC77721D943A6D006FD550 /* spnego */ = {
			isa = PBXGroup;
			children = (
				EFFC77741D943A6D006FD550 /* spnego_asn1.c */,
				EFFC77751D943A6D006FD550 /* spnego_asn1.h */,
			);
			path = spnego;
			sourceTree = "<group>";
		};
		EFFC77761D943A6D006FD550 /* include */ = {
			isa = PBXGroup;
			children = (
				EFFC77771D943A6D006FD550 /* bdsm */,
				EFFC77811D943A6D006FD550 /* bdsm.h */,
			);
			name = include;
			path = ../include;
			sourceTree = "<group>";
		};
		EFFC77771D943A6D006FD550 /* bdsm */ = {
			isa = PBXGroup;
			children = (
				EFFC77781D943A6D006FD550 /* netbios_defs.h */,
				EFFC77791D943A6D006FD550 /* netbios_ns.h */,
				EFFC777A1D943A6D006FD550 /* smb_defs.h */,
				EFFC777B1D943A6D006FD550 /* smb_dir.h */,
				EFFC777C1D943A6D006FD550 /* smb_file.h */,
				EFFC777D1D943A6D006FD550 /* smb_session.h */,
				EFFC777E1D943A6D006FD550 /* smb_share.h */,
				EFFC777F1D943A6D006FD550 /* smb_stat.h */,
				EFFC77801D943A6D006FD550 /* smb_types.h */,
			);
			path = bdsm;
			sourceTree = "<group>";
		};
		EFFC778F1D943A6D006FD550 /* src */ = {
			isa = PBXGroup;
			children = (
				EFFC77901D943A6D006FD550 /* bdsm_common.h */,
				EFFC77911D943A6D006FD550 /* bdsm_debug.h */,
				EFFC77921D943A6D006FD550 /* hmac_md5.c */,
				EFFC77931D943A6D006FD550 /* hmac_md5.h */,
				EFFC77951D943A6D006FD550 /* netbios_defs.h */,
				EFFC77961D943A6D006FD550 /* netbios_ns.c */,
				EFFC77971D943A6D006FD550 /* netbios_query.c */,
				EFFC77981D943A6D006FD550 /* netbios_query.h */,
				EFFC77991D943A6D006FD550 /* netbios_session.c */,
				EFFC779A1D943A6D006FD550 /* netbios_session.h */,
				EFFC779B1D943A6D006FD550 /* netbios_utils.c */,
				EFFC779C1D943A6D006FD550 /* netbios_utils.h */,
				EFFC779D1D943A6D006FD550 /* smb_buffer.c */,
				EFFC779E1D943A6D006FD550 /* smb_buffer.h */,
				EFFC779F1D943A6D006FD550 /* smb_defs.h */,
				EFFC77A01D943A6D006FD550 /* smb_dir.c */,
				EFFC77A11D943A6D006FD550 /* smb_dir.h */,
				EFFC77A21D943A6D006FD550 /* smb_fd.c */,
				EFFC77A31D943A6D006FD550 /* smb_fd.h */,
				EFFC77A41D943A6D006FD550 /* smb_file.c */,
				EFFC77A51D943A6D006FD550 /* smb_file.h */,
				EFFC77A61D943A6D006FD550 /* smb_message.c */,
				EFFC77A71D943A6D006FD550 /* smb_message.h */,
				EFFC77A81D943A6D006FD550 /* smb_ntlm.c */,
				EFFC77A91D943A6D006FD550 /* smb_ntlm.h */,
				EFFC77AA1D943A6D006FD550 /* smb_packets.h */,
				EFFC77AB1D943A6D006FD550 /* smb_session.c */,
				EFFC77AC1D943A6D006FD550 /* smb_session.h */,
				EFFC77AD1D943A6D006FD550 /* smb_session_msg.c */,
				EFFC77AE1D943A6D006FD550 /* smb_session_msg.h */,
				EFFC77AF1D943A6D006FD550 /* smb_share.c */,
				EFFC77B01D943A6D006FD550 /* smb_share.h */,
				EFFC77B11D943A6D006FD550 /* smb_spnego.c */,
				EFFC77B21D943A6D006FD550 /* smb_spnego.h */,
				EFFC77B31D943A6D006FD550 /* smb_stat.c */,
				EFFC77B41D943A6D006FD550 /* smb_stat.h */,
				EFFC77B51D943A6D006FD550 /* smb_trans2.c */,
				EFFC77B61D943A6D006FD550 /* smb_transport.c */,
				EFFC77B71D943A6D006FD550 /* smb_transport.h */,
				EFFC77B81D943A6D006FD550 /* smb_types.h */,
				EFFC77B91D943A6D006FD550 /* smb_utils.c */,
				EFFC77BA1D943A6D006FD550 /* smb_utils.h */,
			);
			name = src;
			path = ../src;
			sourceTree = "<group>";
		};
		EFFC77D61D943AD9006FD550 /* extra */ = {
			isa = PBXGroup;
			children = (
				EFFC77DE1D943F73006FD550 /* spnego_asn1_mutex.h */,
				EFFC77D71D943AD9006FD550 /* spnego_asn1.c */,
			);
			path = extra;
			sourceTree = "<group>";
		};
		EFFC77D81D943AD9006FD550 /* libtasn1 */ = {
			isa = PBXGroup;
			children = (
				EFFC77D91D943AD9006FD550 /* libtasn1.a */,
				EFFC77DA1D943AD9006FD550 /* libtasn1.h */,
			);
			path = libtasn1;
			sourceTree = "<group>";
		};
/* End PBXGroup section */

/* Begin PBXNativeTarget section */
		EF6319DA1C7474D10032F5CC /* dsm */ = {
			isa = PBXNativeTarget;
			buildConfigurationList = EF6319E41C7474D10032F5CC /* Build configuration list for PBXNativeTarget "dsm" */;
			buildPhases = (
				EF6319D71C7474D10032F5CC /* Sources */,
				EF6319D81C7474D10032F5CC /* Frameworks */,
				EF6319D91C7474D10032F5CC /* CopyFiles */,
			);
			buildRules = (
			);
			dependencies = (
			);
			name = dsm;
			productName = libdsm;
			productReference = EF6319DB1C7474D10032F5CC /* libdsm.a */;
			productType = "com.apple.product-type.library.static";
		};
/* End PBXNativeTarget section */

/* Begin PBXProject section */
		EF6319D31C7474D10032F5CC /* Project object */ = {
			isa = PBXProject;
			attributes = {
				LastUpgradeCheck = 0720;
				ORGANIZATIONNAME = myorg;
				TargetAttributes = {
					EF6319DA1C7474D10032F5CC = {
						CreatedOnToolsVersion = 7.2;
					};
				};
			};
			buildConfigurationList = EF6319D61C7474D10032F5CC /* Build configuration list for PBXProject "dsm" */;
			compatibilityVersion = "Xcode 3.2";
			developmentRegion = English;
			hasScannedForEncodings = 0;
			knownRegions = (
				en,
			);
			mainGroup = EF6319D21C7474D10032F5CC;
			productRefGroup = EF6319DC1C7474D10032F5CC /* Products */;
			projectDirPath = "";
			projectRoot = "";
			targets = (
				EF6319DA1C7474D10032F5CC /* dsm */,
			);
		};
/* End PBXProject section */

/* Begin PBXSourcesBuildPhase section */
		EF6319D71C7474D10032F5CC /* Sources */ = {
			isa = PBXSourcesBuildPhase;
			buildActionMask = 2147483647;
			files = (
				EFFC77C81D943A6D006FD550 /* smb_buffer.c in Sources */,
				EFFC77C11D943A6D006FD550 /* rc4.c in Sources */,
				EFFC77C71D943A6D006FD550 /* netbios_utils.c in Sources */,
				EFFC77CD1D943A6D006FD550 /* smb_ntlm.c in Sources */,
				EFFC77DB1D943AD9006FD550 /* spnego_asn1.c in Sources */,
				EFFC77C61D943A6D006FD550 /* netbios_session.c in Sources */,
				EFFC77CB1D943A6D006FD550 /* smb_file.c in Sources */,
				EFFC77CA1D943A6D006FD550 /* smb_fd.c in Sources */,
				EFFC77C01D943A6D006FD550 /* md5.c in Sources */,
				EFFC77D41D943A6D006FD550 /* smb_transport.c in Sources */,
				EFFC77D21D943A6D006FD550 /* smb_stat.c in Sources */,
				EFFC77D51D943A6D006FD550 /* smb_utils.c in Sources */,
				EFFC77C51D943A6D006FD550 /* netbios_query.c in Sources */,
				EFFC77C31D943A6D006FD550 /* hmac_md5.c in Sources */,
				EFFC77D31D943A6D006FD550 /* smb_trans2.c in Sources */,
				EFFC77D01D943A6D006FD550 /* smb_share.c in Sources */,
				EFFC77BB1D943A6D006FD550 /* clock_gettime.c in Sources */,
				EFFC77D11D943A6D006FD550 /* smb_spnego.c in Sources */,
				EFFC77CF1D943A6D006FD550 /* smb_session_msg.c in Sources */,
				EFFC77C41D943A6D006FD550 /* netbios_ns.c in Sources */,
				EFFC77C21D943A6D006FD550 /* spnego_asn1.c in Sources */,
				EFFC77BE1D943A6D006FD550 /* strndup.c in Sources */,
				EFFC77CE1D943A6D006FD550 /* smb_session.c in Sources */,
				EFFC77CC1D943A6D006FD550 /* smb_message.c in Sources */,
				EFFC77BC1D943A6D006FD550 /* compat.c in Sources */,
				EFFC77C91D943A6D006FD550 /* smb_dir.c in Sources */,
				EFFC77BF1D943A6D006FD550 /* md4.c in Sources */,
			);
			runOnlyForDeploymentPostprocessing = 0;
		};
/* End PBXSourcesBuildPhase section */

/* Begin XCBuildConfiguration section */
		EF6319E21C7474D10032F5CC /* Debug */ = {
			isa = XCBuildConfiguration;
			buildSettings = {
				ALWAYS_SEARCH_USER_PATHS = NO;
				CLANG_CXX_LANGUAGE_STANDARD = "gnu++0x";
				CLANG_CXX_LIBRARY = "libc++";
				CLANG_ENABLE_MODULES = YES;
				CLANG_ENABLE_OBJC_ARC = YES;
				CLANG_WARN_BOOL_CONVERSION = YES;
				CLANG_WARN_CONSTANT_CONVERSION = YES;
				CLANG_WARN_DIRECT_OBJC_ISA_USAGE = YES_ERROR;
				CLANG_WARN_EMPTY_BODY = YES;
				CLANG_WARN_ENUM_CONVERSION = YES;
				CLANG_WARN_INT_CONVERSION = YES;
				CLANG_WARN_OBJC_ROOT_CLASS = YES_ERROR;
				CLANG_WARN_UNREACHABLE_CODE = YES;
				CLANG_WARN__DUPLICATE_METHOD_MATCH = YES;
				"CODE_SIGN_IDENTITY[sdk=iphoneos*]" = "iPhone Developer";
				COPY_PHASE_STRIP = NO;
				DEBUG_INFORMATION_FORMAT = dwarf;
				ENABLE_STRICT_OBJC_MSGSEND = YES;
				ENABLE_TESTABILITY = YES;
				GCC_C_LANGUAGE_STANDARD = gnu99;
				GCC_DYNAMIC_NO_PIC = NO;
				GCC_NO_COMMON_BLOCKS = YES;
				GCC_OPTIMIZATION_LEVEL = 0;
				GCC_PREPROCESSOR_DEFINITIONS = (
					"DEBUG=1",
					"$(inherited)",
				);
				GCC_WARN_64_TO_32_BIT_CONVERSION = YES;
				GCC_WARN_ABOUT_RETURN_TYPE = YES_ERROR;
				GCC_WARN_UNDECLARED_SELECTOR = YES;
				GCC_WARN_UNINITIALIZED_AUTOS = YES_AGGRESSIVE;
				GCC_WARN_UNUSED_FUNCTION = YES;
				GCC_WARN_UNUSED_VARIABLE = YES;
				IPHONEOS_DEPLOYMENT_TARGET = 8.0;
				MTL_ENABLE_DEBUG_INFO = YES;
				ONLY_ACTIVE_ARCH = YES;
				SDKROOT = iphoneos;
			};
			name = Debug;
		};
		EF6319E31C7474D10032F5CC /* Release */ = {
			isa = XCBuildConfiguration;
			buildSettings = {
				ALWAYS_SEARCH_USER_PATHS = NO;
				CLANG_CXX_LANGUAGE_STANDARD = "gnu++0x";
				CLANG_CXX_LIBRARY = "libc++";
				CLANG_ENABLE_MODULES = YES;
				CLANG_ENABLE_OBJC_ARC = YES;
				CLANG_WARN_BOOL_CONVERSION = YES;
				CLANG_WARN_CONSTANT_CONVERSION = YES;
				CLANG_WARN_DIRECT_OBJC_ISA_USAGE = YES_ERROR;
				CLANG_WARN_EMPTY_BODY = YES;
				CLANG_WARN_ENUM_CONVERSION = YES;
				CLANG_WARN_INT_CONVERSION = YES;
				CLANG_WARN_OBJC_ROOT_CLASS = YES_ERROR;
				CLANG_WARN_UNREACHABLE_CODE = YES;
				CLANG_WARN__DUPLICATE_METHOD_MATCH = YES;
				"CODE_SIGN_IDENTITY[sdk=iphoneos*]" = "iPhone Developer";
				COPY_PHASE_STRIP = NO;
				DEBUG_INFORMATION_FORMAT = "dwarf-with-dsym";
				ENABLE_NS_ASSERTIONS = NO;
				ENABLE_STRICT_OBJC_MSGSEND = YES;
				GCC_C_LANGUAGE_STANDARD = gnu99;
				GCC_NO_COMMON_BLOCKS = YES;
				GCC_WARN_64_TO_32_BIT_CONVERSION = YES;
				GCC_WARN_ABOUT_RETURN_TYPE = YES_ERROR;
				GCC_WARN_UNDECLARED_SELECTOR = YES;
				GCC_WARN_UNINITIALIZED_AUTOS = YES_AGGRESSIVE;
				GCC_WARN_UNUSED_FUNCTION = YES;
				GCC_WARN_UNUSED_VARIABLE = YES;
				IPHONEOS_DEPLOYMENT_TARGET = 8.0;
				MTL_ENABLE_DEBUG_INFO = NO;
				OTHER_LDFLAGS = "-DNS_BLOCK_ASSERTIONS=1";
				SDKROOT = iphoneos;
				VALIDATE_PRODUCT = YES;
			};
			name = Release;
		};
		EF6319E51C7474D10032F5CC /* Debug */ = {
			isa = XCBuildConfiguration;
			buildSettings = {
				HEADER_SEARCH_PATHS = (
					"$(inherited)",
					"$(PROJECT_DIR)/libtasn1/**",
					"$(PROJECT_DIR)/include/**",
					"../**",
				);
				LIBRARY_SEARCH_PATHS = (
					"$(inherited)",
					"$(PROJECT_DIR)/libtasn1/**",
					"$(PROJECT_DIR)/include/**",
				);
				OTHER_LDFLAGS = (
					"-ObjC",
					"-lc++",
				);
				PRODUCT_NAME = dsm;
				SKIP_INSTALL = YES;
			};
			name = Debug;
		};
		EF6319E61C7474D10032F5CC /* Release */ = {
			isa = XCBuildConfiguration;
			buildSettings = {
				HEADER_SEARCH_PATHS = (
					"$(inherited)",
					"$(PROJECT_DIR)/libtasn1/**",
					"$(PROJECT_DIR)/include/**",
					"../**",
				);
				LIBRARY_SEARCH_PATHS = (
					"$(inherited)",
					"$(PROJECT_DIR)/libtasn1/**",
					"$(PROJECT_DIR)/include/**",
				);
				OTHER_CFLAGS = "-DNS_BLOCK_ASSERTIONS=1";
				OTHER_LDFLAGS = (
					"-ObjC",
					"-lc++",
				);
				PRODUCT_NAME = dsm;
				SKIP_INSTALL = YES;
			};
			name = Release;
		};
/* End XCBuildConfiguration section */

/* Begin XCConfigurationList section */
		EF6319D61C7474D10032F5CC /* Build configuration list for PBXProject "dsm" */ = {
			isa = XCConfigurationList;
			buildConfigurations = (
				EF6319E21C7474D10032F5CC /* Debug */,
				EF6319E31C7474D10032F5CC /* Release */,
			);
			defaultConfigurationIsVisible = 0;
			defaultConfigurationName = Release;
		};
		EF6319E41C7474D10032F5CC /* Build configuration list for PBXNativeTarget "dsm" */ = {
			isa = XCConfigurationList;
			buildConfigurations = (
				EF6319E51C7474D10032F5CC /* Debug */,
				EF6319E61C7474D10032F5CC /* Release */,
			);
			defaultConfigurationIsVisible = 0;
			defaultConfigurationName = Release;
		};
/* End XCConfigurationList section */
	};
	rootObject = EF6319D31C7474D10032F5CC /* Project object */;
}
